// !$*UTF8*$!
{
	archiveVersion = 1;
	classes = {
	};
	objectVersion = 46;
	objects = {

/* Begin PBXBuildFile section */
		D0FCF4371D7695BB00442FF4 /* main.m in Sources */ = {isa = PBXBuildFile; fileRef = D0FCF4361D7695BB00442FF4 /* main.m */; };
		D0FCF43A1D7695BB00442FF4 /* AppDelegate.m in Sources */ = {isa = PBXBuildFile; fileRef = D0FCF4391D7695BB00442FF4 /* AppDelegate.m */; };
		D0FCF43D1D7695BB00442FF4 /* ViewController.m in Sources */ = {isa = PBXBuildFile; fileRef = D0FCF43C1D7695BB00442FF4 /* ViewController.m */; };
		D0FCF4401D7695BB00442FF4 /* Main.storyboard in Resources */ = {isa = PBXBuildFile; fileRef = D0FCF43E1D7695BB00442FF4 /* Main.storyboard */; };
		D0FCF4421D7695BB00442FF4 /* Assets.xcassets in Resources */ = {isa = PBXBuildFile; fileRef = D0FCF4411D7695BB00442FF4 /* Assets.xcassets */; };
		D0FCF4451D7695BB00442FF4 /* LaunchScreen.storyboard in Resources */ = {isa = PBXBuildFile; fileRef = D0FCF4431D7695BB00442FF4 /* LaunchScreen.storyboard */; };
		D0FCF45A1D76DF4B00442FF4 /* ConfigureFile.plist in Resources */ = {isa = PBXBuildFile; fileRef = D0FCF4551D76DF4B00442FF4 /* ConfigureFile.plist */; };
		D0FCF45B1D76DF4B00442FF4 /* NumberPosition.m in Sources */ = {isa = PBXBuildFile; fileRef = D0FCF4571D76DF4B00442FF4 /* NumberPosition.m */; };
		D0FCF45C1D76DF4B00442FF4 /* TouchAssistantView.m in Sources */ = {isa = PBXBuildFile; fileRef = D0FCF4591D76DF4B00442FF4 /* TouchAssistantView.m */; };
/* End PBXBuildFile section */

/* Begin PBXFileReference section */
		D0FCF4321D7695BB00442FF4 /* TouchAssistant.app */ = {isa = PBXFileReference; explicitFileType = wrapper.application; includeInIndex = 0; path = TouchAssistant.app; sourceTree = BUILT_PRODUCTS_DIR; };
		D0FCF4361D7695BB00442FF4 /* main.m */ = {isa = PBXFileReference; lastKnownFileType = sourcecode.c.objc; path = main.m; sourceTree = "<group>"; };
		D0FCF4381D7695BB00442FF4 /* AppDelegate.h */ = {isa = PBXFileReference; lastKnownFileType = sourcecode.c.h; path = AppDelegate.h; sourceTree = "<group>"; };
		D0FCF4391D7695BB00442FF4 /* AppDelegate.m */ = {isa = PBXFileReference; lastKnownFileType = sourcecode.c.objc; path = AppDelegate.m; sourceTree = "<group>"; };
		D0FCF43B1D7695BB00442FF4 /* ViewController.h */ = {isa = PBXFileReference; lastKnownFileType = sourcecode.c.h; path = ViewController.h; sourceTree = "<group>"; };
		D0FCF43C1D7695BB00442FF4 /* ViewController.m */ = {isa = PBXFileReference; lastKnownFileType = sourcecode.c.objc; path = ViewController.m; sourceTree = "<group>"; };
		D0FCF43F1D7695BB00442FF4 /* Base */ = {isa = PBXFileReference; lastKnownFileType = file.storyboard; name = Base; path = Base.lproj/Main.storyboard; sourceTree = "<group>"; };
		D0FCF4411D7695BB00442FF4 /* Assets.xcassets */ = {isa = PBXFileReference; lastKnownFileType = folder.assetcatalog; path = Assets.xcassets; sourceTree = "<group>"; };
		D0FCF4441D7695BB00442FF4 /* Base */ = {isa = PBXFileReference; lastKnownFileType = file.storyboard; name = Base; path = Base.lproj/LaunchScreen.storyboard; sourceTree = "<group>"; };
		D0FCF4461D7695BB00442FF4 /* Info.plist */ = {isa = PBXFileReference; lastKnownFileType = text.plist.xml; path = Info.plist; sourceTree = "<group>"; };
		D0FCF4551D76DF4B00442FF4 /* ConfigureFile.plist */ = {isa = PBXFileReference; fileEncoding = 4; lastKnownFileType = text.plist.xml; path = ConfigureFile.plist; sourceTree = "<group>"; };
		D0FCF4561D76DF4B00442FF4 /* NumberPosition.h */ = {isa = PBXFileReference; fileEncoding = 4; lastKnownFileType = sourcecode.c.h; path = NumberPosition.h; sourceTree = "<group>"; };
		D0FCF4571D76DF4B00442FF4 /* NumberPosition.m */ = {isa = PBXFileReference; fileEncoding = 4; lastKnownFileType = sourcecode.c.objc; path = NumberPosition.m; sourceTree = "<group>"; };
		D0FCF4581D76DF4B00442FF4 /* TouchAssistantView.h */ = {isa = PBXFileReference; fileEncoding = 4; lastKnownFileType = sourcecode.c.h; path = TouchAssistantView.h; sourceTree = "<group>"; };
		D0FCF4591D76DF4B00442FF4 /* TouchAssistantView.m */ = {isa = PBXFileReference; fileEncoding = 4; lastKnownFileType = sourcecode.c.objc; path = TouchAssistantView.m; sourceTree = "<group>"; };
/* End PBXFileReference section */

/* Begin PBXFrameworksBuildPhase section */
		D0FCF42F1D7695BB00442FF4 /* Frameworks */ = {
			isa = PBXFrameworksBuildPhase;
			buildActionMask = 2147483647;
			files = (
			);
			runOnlyForDeploymentPostprocessing = 0;
		};
/* End PBXFrameworksBuildPhase section */

/* Begin PBXGroup section */
		D0FCF4291D7695BB00442FF4 = {
			isa = PBXGroup;
			children = (
				D0FCF4341D7695BB00442FF4 /* TouchAssistant */,
				D0FCF4331D7695BB00442FF4 /* Products */,
			);
			sourceTree = "<group>";
		};
		D0FCF4331D7695BB00442FF4 /* Products */ = {
			isa = PBXGroup;
			children = (
				D0FCF4321D7695BB00442FF4 /* TouchAssistant.app */,
			);
			name = Products;
			sourceTree = "<group>";
		};
		D0FCF4341D7695BB00442FF4 /* TouchAssistant */ = {
			isa = PBXGroup;
			children = (
				D0FCF4541D76DF4B00442FF4 /* TouchAssistant */,
				D0FCF4381D7695BB00442FF4 /* AppDelegate.h */,
				D0FCF4391D7695BB00442FF4 /* AppDelegate.m */,
				D0FCF43B1D7695BB00442FF4 /* ViewController.h */,
				D0FCF43C1D7695BB00442FF4 /* ViewController.m */,
				D0FCF43E1D7695BB00442FF4 /* Main.storyboard */,
				D0FCF4411D7695BB00442FF4 /* Assets.xcassets */,
				D0FCF4431D7695BB00442FF4 /* LaunchScreen.storyboard */,
				D0FCF4461D7695BB00442FF4 /* Info.plist */,
				D0FCF4351D7695BB00442FF4 /* Supporting Files */,
			);
			path = TouchAssistant;
			sourceTree = "<group>";
		};
		D0FCF4351D7695BB00442FF4 /* Supporting Files */ = {
			isa = PBXGroup;
			children = (
				D0FCF4361D7695BB00442FF4 /* main.m */,
			);
			name = "Supporting Files";
			sourceTree = "<group>";
		};
		D0FCF4541D76DF4B00442FF4 /* TouchAssistant */ = {
			isa = PBXGroup;
			children = (
				D0FCF4551D76DF4B00442FF4 /* ConfigureFile.plist */,
				D0FCF4561D76DF4B00442FF4 /* NumberPosition.h */,
				D0FCF4571D76DF4B00442FF4 /* NumberPosition.m */,
				D0FCF4581D76DF4B00442FF4 /* TouchAssistantView.h */,
				D0FCF4591D76DF4B00442FF4 /* TouchAssistantView.m */,
			);
			path = TouchAssistant;
			sourceTree = "<group>";
		};
/* End PBXGroup section */

/* Begin PBXNativeTarget section */
		D0FCF4311D7695BB00442FF4 /* TouchAssistant */ = {
			isa = PBXNativeTarget;
			buildConfigurationList = D0FCF4491D7695BB00442FF4 /* Build configuration list for PBXNativeTarget "TouchAssistant" */;
			buildPhases = (
				D0FCF42E1D7695BB00442FF4 /* Sources */,
				D0FCF42F1D7695BB00442FF4 /* Frameworks */,
				D0FCF4301D7695BB00442FF4 /* Resources */,
			);
			buildRules = (
			);
			dependencies = (
			);
			name = TouchAssistant;
			productName = TouchAssistant;
			productReference = D0FCF4321D7695BB00442FF4 /* TouchAssistant.app */;
			productType = "com.apple.product-type.application";
		};
/* End PBXNativeTarget section */

/* Begin PBXProject section */
		D0FCF42A1D7695BB00442FF4 /* Project object */ = {
			isa = PBXProject;
			attributes = {
				LastUpgradeCheck = 0730;
				ORGANIZATIONNAME = Peter;
				TargetAttributes = {
					D0FCF4311D7695BB00442FF4 = {
						CreatedOnToolsVersion = 7.3;
					};
				};
			};
			buildConfigurationList = D0FCF42D1D7695BB00442FF4 /* Build configuration list for PBXProject "TouchAssistant" */;
			compatibilityVersion = "Xcode 3.2";
			developmentRegion = English;
			hasScannedForEncodings = 0;
			knownRegions = (
				en,
				Base,
			);
			mainGroup = D0FCF4291D7695BB00442FF4;
			productRefGroup = D0FCF4331D7695BB00442FF4 /* Products */;
			projectDirPath = "";
			projectRoot = "";
			targets = (
				D0FCF4311D7695BB00442FF4 /* TouchAssistant */,
			);
		};
/* End PBXProject section */

/* Begin PBXResourcesBuildPhase section */
		D0FCF4301D7695BB00442FF4 /* Resources */ = {
			isa = PBXResourcesBuildPhase;
			buildActionMask = 2147483647;
			files = (
				D0FCF4451D7695BB00442FF4 /* LaunchScreen.storyboard in Resources */,
				D0FCF4421D7695BB00442FF4 /* Assets.xcassets in Resources */,
				D0FCF4401D7695BB00442FF4 /* Main.storyboard in Resources */,
				D0FCF45A1D76DF4B00442FF4 /* ConfigureFile.plist in Resources */,
			);
			runOnlyForDeploymentPostprocessing = 0;
		};
/* End PBXResourcesBuildPhase section */

/* Begin PBXSourcesBuildPhase section */
		D0FCF42E1D7695BB00442FF4 /* Sources */ = {
			isa = PBXSourcesBuildPhase;
			buildActionMask = 2147483647;
			files = (
				D0FCF43D1D7695BB00442FF4 /* ViewController.m in Sources */,
				D0FCF45C1D76DF4B00442FF4 /* TouchAssistantView.m in Sources */,
				D0FCF45B1D76DF4B00442FF4 /* NumberPosition.m in Sources */,
				D0FCF43A1D7695BB00442FF4 /* AppDelegate.m in Sources */,
				D0FCF4371D7695BB00442FF4 /* main.m in Sources */,
			);
			runOnlyForDeploymentPostprocessing = 0;
		};
/* End PBXSourcesBuildPhase section */

/* Begin PBXVariantGroup section */
		D0FCF43E1D7695BB00442FF4 /* Main.storyboard */ = {
			isa = PBXVariantGroup;
			children = (
				D0FCF43F1D7695BB00442FF4 /* Base */,
			);
			name = Main.storyboard;
			sourceTree = "<group>";
		};
		D0FCF4431D7695BB00442FF4 /* LaunchScreen.storyboard */ = {
			isa = PBXVariantGroup;
			children = (
				D0FCF4441D7695BB00442FF4 /* Base */,
			);
			name = LaunchScreen.storyboard;
			sourceTree = "<group>";
		};
/* End PBXVariantGroup section */

/* Begin XCBuildConfiguration section */
		D0FCF4471D7695BB00442FF4 /* Debug */ = {
			isa = XCBuildConfiguration;
			buildSettings = {
				ALWAYS_SEARCH_USER_PATHS = NO;
				CLANG_ANALYZER_NONNULL = YES;
				CLANG_CXX_LANGUAGE_STANDARD = "gnu++0x";
				CLANG_CXX_LIBRARY = "libc++";
				CLANG_ENABLE_MODULES = YES;
				CLANG_ENABLE_OBJC_ARC = YES;
				CLANG_WARN_BOOL_CONVERSION = YES;
				CLANG_WARN_CONSTANT_CONVERSION = YES;
				CLANG_WARN_DIRECT_OBJC_ISA_USAGE = YES_ERROR;
				CLANG_WARN_EMPTY_BODY = YES;
				CLANG_WARN_ENUM_CONVERSION = YES;
				CLANG_WARN_INT_CONVERSION = YES;
				CLANG_WARN_OBJC_ROOT_CLASS = YES_ERROR;
				CLANG_WARN_UNREACHABLE_CODE = YES;
				CLANG_WARN__DUPLICATE_METHOD_MATCH = YES;
				"CODE_SIGN_IDENTITY[sdk=iphoneos*]" = "iPhone Developer";
				COPY_PHASE_STRIP = NO;
				DEBUG_INFORMATION_FORMAT = dwarf;
				ENABLE_STRICT_OBJC_MSGSEND = YES;
				ENABLE_TESTABILITY = YES;
				GCC_C_LANGUAGE_STANDARD = gnu99;
				GCC_DYNAMIC_NO_PIC = NO;
				GCC_NO_COMMON_BLOCKS = YES;
				GCC_OPTIMIZATION_LEVEL = 0;
				GCC_PREPROCESSOR_DEFINITIONS = (
					"DEBUG=1",
					"$(inherited)",
				);
				GCC_WARN_64_TO_32_BIT_CONVERSION = YES;
				GCC_WARN_ABOUT_RETURN_TYPE = YES_ERROR;
				GCC_WARN_UNDECLARED_SELECTOR = YES;
				GCC_WARN_UNINITIALIZED_AUTOS = YES_AGGRESSIVE;
				GCC_WARN_UNUSED_FUNCTION = YES;
				GCC_WARN_UNUSED_VARIABLE = YES;
				IPHONEOS_DEPLOYMENT_TARGET = 9.3;
				MTL_ENABLE_DEBUG_INFO = YES;
				ONLY_ACTIVE_ARCH = YES;
				SDKROOT = iphoneos;
				TARGETED_DEVICE_FAMILY = "1,2";
			};
			name = Debug;
		};
		D0FCF4481D7695BB00442FF4 /* Release */ = {
			isa = XCBuildConfiguration;
			buildSettings = {
				ALWAYS_SEARCH_USER_PATHS = NO;
				CLANG_ANALYZER_NONNULL = YES;
				CLANG_CXX_LANGUAGE_STANDARD = "gnu++0x";
				CLANG_CXX_LIBRARY = "libc++";
				CLANG_ENABLE_MODULES = YES;
				CLANG_ENABLE_OBJC_ARC = YES;
				CLANG_WARN_BOOL_CONVERSION = YES;
				CLANG_WARN_CONSTANT_CONVERSION = YES;
				CLANG_WARN_DIRECT_OBJC_ISA_USAGE = YES_ERROR;
				CLANG_WARN_EMPTY_BODY = YES;
				CLANG_WARN_ENUM_CONVERSION = YES;
				CLANG_WARN_INT_CONVERSION = YES;
				CLANG_WARN_OBJC_ROOT_CLASS = YES_ERROR;
				CLANG_WARN_UNREACHABLE_CODE = YES;
				CLANG_WARN__DUPLICATE_METHOD_MATCH = YES;
				"CODE_SIGN_IDENTITY[sdk=iphoneos*]" = "iPhone Developer";
				COPY_PHASE_STRIP = NO;
				DEBUG_INFORMATION_FORMAT = "dwarf-with-dsym";
				ENABLE_NS_ASSERTIONS = NO;
				ENABLE_STRICT_OBJC_MSGSEND = YES;
				GCC_C_LANGUAGE_STANDARD = gnu99;
				GCC_NO_COMMON_BLOCKS = YES;
				GCC_WARN_64_TO_32_BIT_CONVERSION = YES;
				GCC_WARN_ABOUT_RETURN_TYPE = YES_ERROR;
				GCC_WARN_UNDECLARED_SELECTOR = YES;
				GCC_WARN_UNINITIALIZED_AUTOS = YES_AGGRESSIVE;
				GCC_WARN_UNUSED_FUNCTION = YES;
				GCC_WARN_UNUSED_VARIABLE = YES;
				IPHONEOS_DEPLOYMENT_TARGET = 9.3;
				MTL_ENABLE_DEBUG_INFO = NO;
				SDKROOT = iphoneos;
				TARGETED_DEVICE_FAMILY = "1,2";
				VALIDATE_PRODUCT = YES;
			};
			name = Release;
		};
		D0FCF44A1D7695BB00442FF4 /* Debug */ = {
			isa = XCBuildConfiguration;
			buildSettings = {
				ASSETCATALOG_COMPILER_APPICON_NAME = AppIcon;
				INFOPLIST_FILE = TouchAssistant/Info.plist;
				LD_RUNPATH_SEARCH_PATHS = "$(inherited) @executable_path/Frameworks";
				PRODUCT_BUNDLE_IDENTIFIER = peter.TouchAssistant;
				PRODUCT_NAME = "$(TARGET_NAME)";
			};
			name = Debug;
		};
		D0FCF44B1D7695BB00442FF4 /* Release */ = {
			isa = XCBuildConfiguration;
			buildSettings = {
				ASSETCATALOG_COMPILER_APPICON_NAME = AppIcon;
				INFOPLIST_FILE = TouchAssistant/Info.plist;
				LD_RUNPATH_SEARCH_PATHS = "$(inherited) @executable_path/Frameworks";
				PRODUCT_BUNDLE_IDENTIFIER = peter.TouchAssistant;
				PRODUCT_NAME = "$(TARGET_NAME)";
			};
			name = Release;
		};
/* End XCBuildConfiguration section */

/* Begin XCConfigurationList section */
		D0FCF42D1D7695BB00442FF4 /* Build configuration list for PBXProject "TouchAssistant" */ = {
			isa = XCConfigurationList;
			buildConfigurations = (
				D0FCF4471D7695BB00442FF4 /* Debug */,
				D0FCF4481D7695BB00442FF4 /* Release */,
			);
			defaultConfigurationIsVisible = 0;
			defaultConfigurationName = Release;
		};
		D0FCF4491D7695BB00442FF4 /* Build configuration list for PBXNativeTarget "TouchAssistant" */ = {
			isa = XCConfigurationList;
			buildConfigurations = (
				D0FCF44A1D7695BB00442FF4 /* Debug */,
				D0FCF44B1D7695BB00442FF4 /* Release */,
			);
			defaultConfigurationIsVisible = 0;
		};
/* End XCConfigurationList section */
	};
	rootObject = D0FCF42A1D7695BB00442FF4 /* Project object */;
}
